
Microsoft Visual Studio Solution File, Format Version 12.00
# Visual Studio 2012
Project("{D954291E-2A0B-460D-934E-DC6B0785DB48}") = "ELTAX", "ELTAX\ELTAX.shproj", "{B28D442C-D0CB-4FA0-8028-306FCA5EE3AA}"
EndProject
Project("{FAE04EC0-301F-11D3-BF4B-00C04F79EFBC}") = "ELTAX.Droid", "Droid\ELTAX.Droid.csproj", "{29203ADB-D0D0-463B-A1A9-42F056C76B8C}"
EndProject
Project("{FAE04EC0-301F-11D3-BF4B-00C04F79EFBC}") = "ELTAX.UITests", "UITests\ELTAX.UITests.csproj", "{1BBFE60B-7224-4321-9F21-5B78321129C8}"
EndProject
Global
	GlobalSection(SolutionConfigurationPlatforms) = preSolution
		Debug|Any CPU = Debug|Any CPU
		Release|Any CPU = Release|Any CPU
	EndGlobalSection
	GlobalSection(ProjectConfigurationPlatforms) = postSolution
		{1BBFE60B-7224-4321-9F21-5B78321129C8}.Debug|Any CPU.ActiveCfg = Debug|Any CPU
		{1BBFE60B-7224-4321-9F21-5B78321129C8}.Debug|Any CPU.Build.0 = Debug|Any CPU
		{1BBFE60B-7224-4321-9F21-5B78321129C8}.Release|Any CPU.ActiveCfg = Release|Any CPU
		{1BBFE60B-7224-4321-9F21-5B78321129C8}.Release|Any CPU.Build.0 = Release|Any CPU
		{29203ADB-D0D0-463B-A1A9-42F056C76B8C}.Debug|Any CPU.ActiveCfg = Debug|Any CPU
		{29203ADB-D0D0-463B-A1A9-42F056C76B8C}.Debug|Any CPU.Build.0 = Debug|Any CPU
		{29203ADB-D0D0-463B-A1A9-42F056C76B8C}.Release|Any CPU.ActiveCfg = Release|Any CPU
		{29203ADB-D0D0-463B-A1A9-42F056C76B8C}.Release|Any CPU.Build.0 = Release|Any CPU
	EndGlobalSection
EndGlobal
